
Microsoft Visual Studio Solution File, Format Version 12.00
# Visual Studio 15
VisualStudioVersion = 15.0.28010.2050
MinimumVisualStudioVersion = 10.0.40219.1
Project("{FAE04EC0-301F-11D3-BF4B-00C04F79EFBC}") = "ChunkyConsole", "ChunkyConsole\ChunkyConsole.csproj", "{573E84CE-FEEE-4196-A09F-F9DD60BB5B10}"
EndProject
Project("{FAE04EC0-301F-11D3-BF4B-00C04F79EFBC}") = "Tester", "Tester\Tester.csproj", "{7A27C501-CF0F-482F-BE2C-097CCE3FC8FA}"
EndProject
Global
	GlobalSection(SolutionConfigurationPlatforms) = preSolution
		Debug|Any CPU = Debug|Any CPU
		Release|Any CPU = Release|Any CPU
	EndGlobalSection
	GlobalSection(ProjectConfigurationPlatforms) = postSolution
		{573E84CE-FEEE-4196-A09F-F9DD60BB5B10}.Debug|Any CPU.ActiveCfg = Debug|Any CPU
		{573E84CE-FEEE-4196-A09F-F9DD60BB5B10}.Debug|Any CPU.Build.0 = Debug|Any CPU
		{573E84CE-FEEE-4196-A09F-F9DD60BB5B10}.Release|Any CPU.ActiveCfg = Release|Any CPU
		{573E84CE-FEEE-4196-A09F-F9DD60BB5B10}.Release|Any CPU.Build.0 = Release|Any CPU
		{7A27C501-CF0F-482F-BE2C-097CCE3FC8FA}.Debug|Any CPU.ActiveCfg = Debug|Any CPU
		{7A27C501-CF0F-482F-BE2C-097CCE3FC8FA}.Debug|Any CPU.Build.0 = Debug|Any CPU
		{7A27C501-CF0F-482F-BE2C-097CCE3FC8FA}.Release|Any CPU.ActiveCfg = Release|Any CPU
		{7A27C501-CF0F-482F-BE2C-097CCE3FC8FA}.Release|Any CPU.Build.0 = Release|Any CPU
	EndGlobalSection
	GlobalSection(SolutionProperties) = preSolution
		HideSolutionNode = FALSE
	EndGlobalSection
	GlobalSection(ExtensibilityGlobals) = postSolution
		SolutionGuid = {C010C017-5D2A-43D7-B7CA-8E0793DA5918}
	EndGlobalSection
EndGlobal
